
Microsoft Visual Studio Solution File, Format Version 12.00
# Visual Studio Version 16
VisualStudioVersion = 16.0.30011.22
MinimumVisualStudioVersion = 10.0.40219.1
Project("{9A19103F-16F7-4668-BE54-9A1E7A4F7556}") = "IteratorPattern", "IteratorPattern\IteratorPattern.csproj", "{39956AD9-C806-4611-87AA-2ED1C0448EFD}"
EndProject
Project("{9A19103F-16F7-4668-BE54-9A1E7A4F7556}") = "MyGuess", "MyGuess\MyGuess.csproj", "{95531705-8A06-45B7-B318-9B8348413EE8}"
EndProject
Project("{9A19103F-16F7-4668-BE54-9A1E7A4F7556}") = "GuessBasedOnLecture", "GuessBasedOnLecture\GuessBasedOnLecture.csproj", "{FBFE5336-8F4E-4A3A-9E85-020A7765E145}"
EndProject
Project("{FAE04EC0-301F-11D3-BF4B-00C04F79EFBC}") = "TheirSolution", "TheirSolution\TheirSolution.csproj", "{0BA73F35-153D-4690-B2FC-F6CB3FD39CF6}"
EndProject
Global
	GlobalSection(SolutionConfigurationPlatforms) = preSolution
		Debug|Any CPU = Debug|Any CPU
		Release|Any CPU = Release|Any CPU
	EndGlobalSection
	GlobalSection(ProjectConfigurationPlatforms) = postSolution
		{39956AD9-C806-4611-87AA-2ED1C0448EFD}.Debug|Any CPU.ActiveCfg = Debug|Any CPU
		{39956AD9-C806-4611-87AA-2ED1C0448EFD}.Debug|Any CPU.Build.0 = Debug|Any CPU
		{39956AD9-C806-4611-87AA-2ED1C0448EFD}.Release|Any CPU.ActiveCfg = Release|Any CPU
		{39956AD9-C806-4611-87AA-2ED1C0448EFD}.Release|Any CPU.Build.0 = Release|Any CPU
		{95531705-8A06-45B7-B318-9B8348413EE8}.Debug|Any CPU.ActiveCfg = Debug|Any CPU
		{95531705-8A06-45B7-B318-9B8348413EE8}.Debug|Any CPU.Build.0 = Debug|Any CPU
		{95531705-8A06-45B7-B318-9B8348413EE8}.Release|Any CPU.ActiveCfg = Release|Any CPU
		{95531705-8A06-45B7-B318-9B8348413EE8}.Release|Any CPU.Build.0 = Release|Any CPU
		{FBFE5336-8F4E-4A3A-9E85-020A7765E145}.Debug|Any CPU.ActiveCfg = Debug|Any CPU
		{FBFE5336-8F4E-4A3A-9E85-020A7765E145}.Debug|Any CPU.Build.0 = Debug|Any CPU
		{FBFE5336-8F4E-4A3A-9E85-020A7765E145}.Release|Any CPU.ActiveCfg = Release|Any CPU
		{FBFE5336-8F4E-4A3A-9E85-020A7765E145}.Release|Any CPU.Build.0 = Release|Any CPU
		{0BA73F35-153D-4690-B2FC-F6CB3FD39CF6}.Debug|Any CPU.ActiveCfg = Debug|Any CPU
		{0BA73F35-153D-4690-B2FC-F6CB3FD39CF6}.Debug|Any CPU.Build.0 = Debug|Any CPU
		{0BA73F35-153D-4690-B2FC-F6CB3FD39CF6}.Release|Any CPU.ActiveCfg = Release|Any CPU
		{0BA73F35-153D-4690-B2FC-F6CB3FD39CF6}.Release|Any CPU.Build.0 = Release|Any CPU
	EndGlobalSection
	GlobalSection(SolutionProperties) = preSolution
		HideSolutionNode = FALSE
	EndGlobalSection
	GlobalSection(ExtensibilityGlobals) = postSolution
		SolutionGuid = {84790B8C-88AE-41CB-97A1-8511B6291D9D}
	EndGlobalSection
EndGlobal
